[{<<"base16">>,{pkg,<<"base16">>,<<"1.0.0">>},2},
 {<<"basho_stats">>,
  {git,"git://github.com/basho/basho_stats.git",
       {ref,"19c532af235ae675439d491b329c55c2f9b02deb"}},
  1},
 {<<"bear">>,
  {git,"git://github.com/basho/bear.git",
       {ref,"da820a13c607c3f816ee8b83c587266da5389761"}},
  3},
 {<<"bugsnag">>,
  {git,"https://github.com/project-fifo/bugsnag-erlang.git",
       {ref,"6bd45c3937627fc209ef75c8b20219876dd46159"}},
  0},
 {<<"cf">>,{pkg,<<"cf">>,<<"0.2.1">>},4},
 {<<"chash">>,
  {git,"https://github.com/Licenser/chash.git",
       {ref,"a898b6ef0284985f9dced9f429452cf325c4e193"}},
  1},
 {<<"clique">>,
  {git,"https://github.com/project-fifo/clique.git",
       {ref,"8067df5680a32c209d781e66e89f57f3a87a3d28"}},
  0},
 {<<"cowboy">>,{pkg,<<"cowboy">>,<<"1.0.2">>},0},
 {<<"cowboy_oauth">>,
  {git,"https://github.com/project-fifo/cowoby_oauth.git",
       {ref,"372ae8525a1ba933314ac27a201a009fa5776617"}},
  1},
 {<<"cowlib">>,{pkg,<<"cowlib">>,<<"1.0.2">>},1},
 {<<"cuttlefish">>,
  {git,"https://github.com/tsloughter/cuttlefish.git",
       {ref,"f5f6fdc1b0dd8ebe909b81f0b38f5715d4e869e6"}},
  0},
 {<<"ddb_client">>,{pkg,<<"ddb_client">>,<<"0.1.17">>},1},
 {<<"dflow">>,{pkg,<<"dflow">>,<<"0.1.5">>},2},
 {<<"dproto">>,{pkg,<<"dproto">>,<<"0.1.12">>},2},
 {<<"dqe">>,
  {git,"https://github.com/dalmatinerdb/dqe.git",
       {ref,"c98b6392ad4bd251b7560f3f8fd5a63c29d416bc"}},
  1},
 {<<"e2qc">>,
  {git,"https://github.com/arekinath/e2qc.git",
       {ref,"9c14c6aeb2f00b9c331ed2bd6d1dc7cac7ec987f"}},
  1},
 {<<"edown">>,
  {git,"https://github.com/uwiger/edown.git",
       {ref,"abd9f5bbf9265a0a25640a677824386e199e91a6"}},
  0},
 {<<"eleveldb">>,
  {git,"git://github.com/basho/eleveldb.git",
       {ref,"ed3a07269bc099fe3d2d556ce1d3b3a72c26aa05"}},
  1},
 {<<"eper">>,{pkg,<<"eper">>,<<"0.94.0">>},0},
 {<<"erlang_localtime">>,
  {git,"git://github.com/choptastic/erlang_localtime.git",
       {ref,"bd0083ffe6107537a555133c9b94656ca5c854f3"}},
  3},
 {<<"erlcloud">>,
  {git,"https://github.com/project-fifo/erlcloud",
       {ref,"5c56980eb42a0e1f4138136f218fde3032e47228"}},
  2},
 {<<"erlware_commons">>,
  {git,"git://github.com/erlware/erlware_commons.git",
       {ref,"8a325c02912a20a877d861cc72021505c145daaa"}},
  3},
 {<<"erlydtl">>,
  {git,"https://github.com/erlydtl/erlydtl.git",
       {ref,"5ac24d1e4083dfcb287ede74cc752ebdcda706a2"}},
  2},
 {<<"eunit_formatters">>,
  {git,"git://github.com/seancribbs/eunit_formatters",
       {ref,"6818dc14fe5d90d2561b1fa8ab8aea523a900128"}},
  3},
 {<<"exometer_core">>,
  {git,"git://github.com/basho/exometer_core.git",
       {ref,"b47a5d65d9500c2b8f6ccc50e34005503589ef77"}},
  1},
 {<<"fifo_dt">>,
  {git,"https://github.com/project-fifo/fifo_dt.git",
       {ref,"242477710d1c13bc4a1e48aa7545ed3abd01e500"}},
  1},
 {<<"fifo_lager">>,
  {git,"https://github.com/project-fifo/fifo_lager.git",
       {ref,"82cd079c4da4a3db99de83517f6f91b06e590da6"}},
  0},
 {<<"fifo_s3">>,
  {git,"https://github.com/project-fifo/fifo_s3.git",
       {ref,"2ac919b4535fcb49cdccd742db6166414e2406f3"}},
  1},
 {<<"fifo_spec">>,
  {git,"https://github.com/project-fifo/fifo_spec.git",
       {ref,"56db8e12b1e1a62df576aff76ab5371a8de2cecd"}},
  1},
 {<<"fifo_utils">>,
  {git,"https://github.com/project-fifo/fifo_utils.git",
       {ref,"ffc58d2fd893b6d6c95ef45c669ccb723cefca07"}},
  0},
 {<<"folsom">>,
  {git,"git://github.com/basho/folsom.git",
       {ref,"72944523b6467c9f7add5f1c96dd5020424a2681"}},
  2},
 {<<"folsom_ddb">>,{pkg,<<"folsom_ddb">>,<<"0.1.20">>},0},
 {<<"getopt">>,
  {git,"git://github.com/jcomellas/getopt.git",
       {ref,"659a28f4145bc9843598972854299dc4ea77e4cb"}},
  1},
 {<<"goldrush">>,{pkg,<<"goldrush">>,<<"0.1.7">>},1},
 {<<"jesse">>,
  {git,"https://github.com/klarna/jesse.git",
       {ref,"94555fcf8298226d9e78ffe799f706bf4082e4b0"}},
  1},
 {<<"jsx">>,{pkg,<<"jsx">>,<<"1.4.5">>},0},
 {<<"jsxd">>,{pkg,<<"jsxd">>,<<"0.1.10">>},0},
 {<<"lager">>,{pkg,<<"lager">>,<<"2.1.1">>},0},
 {<<"lager_graylog">>,
  {git,"https://github.com/esl/lager_graylog.git",
       {ref,"15f5d094448baa7f7018397e8e4493e9e919edfc"}},
  1},
 {<<"lager_logstash_backend">>,
  {git,"https://github.com/QBurstPoland/lager_logstash_backend.git",
       {ref,"069f5c803b5372fb7604789ee64bcbfef78e493a"}},
  1},
 {<<"libchunter">>,
  {git,"https://github.com/project-fifo/libchunter.git",
       {ref,"51c27c7ddeb40ab5b77181e69b7096f3b9a3d3af"}},
  1},
 {<<"libsnarl">>,
  {git,"https://github.com/project-fifo/libsnarl.git",
       {ref,"162d15f546297afe6a316e21ad583d06dfe1632b"}},
  0},
 {<<"libsnarlmatch">>,{pkg,<<"libsnarlmatch">>,<<"0.1.7">>},1},
 {<<"libsniffle">>,
  {git,"https://github.com/project-fifo/libsniffle.git",
       {ref,"0e943c1e99afaba55ea9631af0be728c27031936"}},
  1},
 {<<"mdns_client">>,{pkg,<<"mdns_client">>,<<"0.1.7">>},2},
 {<<"mdns_client_lib">>,{pkg,<<"mdns_client_lib">>,<<"0.1.33">>},1},
 {<<"mdns_server">>,{pkg,<<"mdns_server">>,<<"0.2.0">>},1},
 {<<"mdns_server_lib">>,
  {git,"https://github.com/Licenser/mdns_server_lib.git",
       {ref,"4d3d6db89956243de558a800825efd38f2a1c9dd"}},
  0},
 {<<"meck">>,
  {git,"https://github.com/basho/meck.git",
       {ref,"dde759050eff19a1a80fd854d7375174b191665d"}},
  1},
 {<<"merl">>,
  {git,"https://github.com/Licenser/merl.git",
       {ref,"1fcb4b03add12f57aa71a991f757bd9794892d7d"}},
  2},
 {<<"mmath">>,{pkg,<<"mmath">>,<<"0.1.15">>},2},
 {<<"msgpack">>,
  {git,"https://github.com/msgpack/msgpack-erlang.git",
       {ref,"c666a5f6568ac2e15687bb155442025dbb8b74ff"}},
  0},
 {<<"neotoma">>,
  {git,"git://github.com/seancribbs/neotoma.git",
       {ref,"760928ec8870da02eb11bccb501e2700925d06c6"}},
  1},
 {<<"oauth2">>,
  {git,"https://github.com/project-fifo/oauth2.git",
       {ref,"7f88b8af3b09cad4eb83678cb2bdaed00fce6a76"}},
  1},
 {<<"parse_trans">>,
  {git,"git://github.com/uwiger/parse_trans.git",
       {ref,"82cc00264aa1bad8fc5c0739b7541feb4a843432"}},
  2},
 {<<"pbkdf2">>,
  {git,"git://github.com/basho/erlang-pbkdf2.git",
       {ref,"7076584f5377e98600a7e2cb81980b2992fb2f71"}},
  1},
 {<<"poolboy">>,
  {git,"git://github.com/basho/poolboy.git",
       {ref,"8bb45fbc715c5f493642a1cc572ec7017d0d5fa3"}},
  1},
 {<<"pooler">>,{pkg,<<"pooler">>,<<"1.4.0">>},2},
 {<<"qdate">>,
  {git,"https://github.com/choptastic/qdate.git",
       {ref,"4135dfa8e36eb531b9fdbea8ccbce597231864fe"}},
  2},
 {<<"ranch">>,
  {git,"https://github.com/project-fifo/ranch.git",
       {ref,"dc794d20b62db87d8a0b61fdba466b07d425dfab"}},
  0},
 {<<"recon">>,{pkg,<<"recon">>,<<"2.2.1">>},0},
 {<<"riak_core">>,
  {git,"https://github.com/project-fifo/riak_core.git",
       {ref,"fdf5dd785ee1045574173979aee7c6d1156cdd49"}},
  0},
 {<<"riak_dt">>,
  {git,"https://github.com/basho/riak_dt.git",
       {ref,"a2986bccd1cc42facdfe739495c6d13762ae0f37"}},
  2},
 {<<"riak_ensemble">>,
  {git,"https://github.com/basho/riak_ensemble.git",
       {ref,"1a79eed4b50eb044dc72f8a15b6ae2d9b63e3387"}},
  0},
 {<<"riak_sysmon">>,
  {git,"git://github.com/basho/riak_sysmon.git",
       {ref,"df6e244a5727d6b1bc035fdd0e8cdcde12bcc98a"}},
  1},
 {<<"setup">>,
  {git,"git://github.com/uwiger/setup.git",
       {ref,"51ee7c9f64d2bbe9dcbb58c278e8fbfd4d0ca5e2"}},
  2},
 {<<"uuid">>,
  {git,"https://github.com/project-fifo/erlang-uuid.git",
       {ref,"c28d740d878e91a075ee3d888ba15131d136e0d2"}},
  1},
 {<<"wiggle">>,
  {git,"https://github.com/project-fifo/wiggle-app.git",
       {ref,"67617af782d3ed7aea1f55bfc1c05d901e9ae6bc"}},
  0}].
